[[package]]
name = "lazy_static"
version = "1.0.2"
source = "registry+https://github.com/rust-lang/crates.io-index"

[[package]]
name = "libc"
version = "0.2.42"
source = "registry+https://github.com/rust-lang/crates.io-index"

[[package]]
name = "loris"
version = "0.1.0"
dependencies = [
 "lazy_static 1.0.2 (registry+https://github.com/rust-lang/crates.io-index)",
 "users 0.7.0 (registry+https://github.com/rust-lang/crates.io-index)",
]

[[package]]
name = "users"
version = "0.7.0"
source = "registry+https://github.com/rust-lang/crates.io-index"
dependencies = [
 "libc 0.2.42 (registry+https://github.com/rust-lang/crates.io-index)",
]

[metadata]
"checksum lazy_static 1.0.2 (registry+https://github.com/rust-lang/crates.io-index)" = "fb497c35d362b6a331cfd94956a07fc2c78a4604cdbee844a81170386b996dd3"
"checksum libc 0.2.42 (registry+https://github.com/rust-lang/crates.io-index)" = "b685088df2b950fccadf07a7187c8ef846a959c142338a48f9dc0b94517eb5f1"
"checksum users 0.7.0 (registry+https://github.com/rust-lang/crates.io-index)" = "caa2760fcc10a6ae2c2a35d41c5d69827e4663f0d3889ecfb4d60b343f4139df"
